
Microsoft Visual Studio Solution File, Format Version 12.00
# Visual Studio Version 17
VisualStudioVersion = 17.9.34723.18
MinimumVisualStudioVersion = 10.0.40219.1
Project("{9A19103F-16F7-4668-BE54-9A1E7A4F7556}") = "MJPG-Sharp", "MJPG-Sharp.csproj", "{12DA6C35-337E-47A3-A6C3-02BF932B88F0}"
EndProject
Global
	GlobalSection(SolutionConfigurationPlatforms) = preSolution
		Debug|Any CPU = Debug|Any CPU
		Release|Any CPU = Release|Any CPU
	EndGlobalSection
	GlobalSection(ProjectConfigurationPlatforms) = postSolution
		{12DA6C35-337E-47A3-A6C3-02BF932B88F0}.Debug|Any CPU.ActiveCfg = Debug|Any CPU
		{12DA6C35-337E-47A3-A6C3-02BF932B88F0}.Debug|Any CPU.Build.0 = Debug|Any CPU
		{12DA6C35-337E-47A3-A6C3-02BF932B88F0}.Release|Any CPU.ActiveCfg = Release|Any CPU
		{12DA6C35-337E-47A3-A6C3-02BF932B88F0}.Release|Any CPU.Build.0 = Release|Any CPU
	EndGlobalSection
	GlobalSection(SolutionProperties) = preSolution
		HideSolutionNode = FALSE
	EndGlobalSection
	GlobalSection(ExtensibilityGlobals) = postSolution
		SolutionGuid = {091E4D0D-4C6C-4B1D-8AAF-3333DCFFE680}
	EndGlobalSection
EndGlobal
